
Microsoft Visual Studio Solution File, Format Version 12.00
# Visual Studio Version 16
VisualStudioVersion = 16.0.31515.178
MinimumVisualStudioVersion = 10.0.40219.1
Project("{9A19103F-16F7-4668-BE54-9A1E7A4F7556}") = "Library.UI", "Library.UI\Library.UI.csproj", "{5A0E6DD5-37BB-48B8-B341-7455DB956F5E}"
EndProject
Project("{2150E333-8FDC-42A3-9474-1A3956D46DE8}") = "UI", "UI", "{A0468211-7529-4024-B45A-1B74A4046162}"
EndProject
Project("{2150E333-8FDC-42A3-9474-1A3956D46DE8}") = "DAL", "DAL", "{E7B020E0-6589-4468-850A-76775770F622}"
EndProject
Project("{2150E333-8FDC-42A3-9474-1A3956D46DE8}") = "BLL", "BLL", "{99EF32DA-C039-4CBA-A0D8-B9D69DA27A36}"
EndProject
Project("{2150E333-8FDC-42A3-9474-1A3956D46DE8}") = "Entities", "Entities", "{C62AAD63-8FC0-47BA-9EF1-EDA5542A9C7B}"
EndProject
Project("{2150E333-8FDC-42A3-9474-1A3956D46DE8}") = "Interfaces", "Interfaces", "{25758557-6317-4812-B3E7-16C31DD515BF}"
EndProject
Project("{9A19103F-16F7-4668-BE54-9A1E7A4F7556}") = "Library.Services", "Library.Services\Library.Services.csproj", "{6B799577-A7E0-4311-BB88-FA67EC5CD3FF}"
EndProject
Project("{9A19103F-16F7-4668-BE54-9A1E7A4F7556}") = "Library.Entities", "Library.Entities\Library.Entities.csproj", "{176FEB31-B938-496C-B390-9AFD3F189516}"
EndProject
Project("{9A19103F-16F7-4668-BE54-9A1E7A4F7556}") = "Library.Repository", "Library.Repository\Library.Repository.csproj", "{D0A16BF9-6C31-43E3-B941-B6F84DA6E6B7}"
EndProject
Project("{9A19103F-16F7-4668-BE54-9A1E7A4F7556}") = "Library.Dto", "Library.Dto\Library.Dto.csproj", "{42EC8B92-5A3F-47E6-9124-BDD072D46AD4}"
EndProject
Project("{2150E333-8FDC-42A3-9474-1A3956D46DE8}") = "Tests", "Tests", "{88BFE71A-37D6-42D9-8EBA-DE4554F23771}"
EndProject
Project("{9A19103F-16F7-4668-BE54-9A1E7A4F7556}") = "Tests", "Tests\Tests.csproj", "{F967E4B7-F8B4-461B-AF54-BAA69E4C4BCE}"
EndProject
Project("{9A19103F-16F7-4668-BE54-9A1E7A4F7556}") = "Library.Repository.Fake", "Library.Repository.Fake\Library.Repository.Fake.csproj", "{E2B164C6-871B-41B9-AFB1-CD121D4187EE}"
EndProject
Project("{2150E333-8FDC-42A3-9474-1A3956D46DE8}") = "UI.WEB", "UI.WEB", "{785610A9-2F76-4088-90B2-081E89609AD0}"
EndProject
Project("{9A19103F-16F7-4668-BE54-9A1E7A4F7556}") = "Library.UI.WEB", "Library.UI.WEB\Library.UI.WEB.csproj", "{9E4510C9-09FB-4A0C-99AF-D60CBAAABBCD}"
EndProject
Project("{9A19103F-16F7-4668-BE54-9A1E7A4F7556}") = "Library.Interfaces.Repository", "Library.Interfaces.Repository\Library.Interfaces.Repository.csproj", "{DA3CDEDD-BEC5-4E87-B1E4-13578ABEB582}"
EndProject
Project("{9A19103F-16F7-4668-BE54-9A1E7A4F7556}") = "Library.Interfaces.Service", "Library.Interfaces.Service\Library.Interfaces.Service.csproj", "{13C14290-F111-4F71-AEA1-CC3CA65C1349}"
EndProject
Project("{2150E333-8FDC-42A3-9474-1A3956D46DE8}") = "UI.WebApi", "UI.WebApi", "{EB458219-9719-409D-A691-DA28B61E3D1F}"
EndProject
Project("{FAE04EC0-301F-11D3-BF4B-00C04F79EFBC}") = "Library.UI.WebApi", "Library.UI.WebApi\Library.UI.WebApi.csproj", "{AC60BBCA-F805-4ABF-AF1A-802E4B06C74A}"
EndProject
Global
	GlobalSection(SolutionConfigurationPlatforms) = preSolution
		Debug|Any CPU = Debug|Any CPU
		Release|Any CPU = Release|Any CPU
	EndGlobalSection
	GlobalSection(ProjectConfigurationPlatforms) = postSolution
		{5A0E6DD5-37BB-48B8-B341-7455DB956F5E}.Debug|Any CPU.ActiveCfg = Debug|Any CPU
		{5A0E6DD5-37BB-48B8-B341-7455DB956F5E}.Debug|Any CPU.Build.0 = Debug|Any CPU
		{5A0E6DD5-37BB-48B8-B341-7455DB956F5E}.Release|Any CPU.ActiveCfg = Release|Any CPU
		{5A0E6DD5-37BB-48B8-B341-7455DB956F5E}.Release|Any CPU.Build.0 = Release|Any CPU
		{6B799577-A7E0-4311-BB88-FA67EC5CD3FF}.Debug|Any CPU.ActiveCfg = Debug|Any CPU
		{6B799577-A7E0-4311-BB88-FA67EC5CD3FF}.Debug|Any CPU.Build.0 = Debug|Any CPU
		{6B799577-A7E0-4311-BB88-FA67EC5CD3FF}.Release|Any CPU.ActiveCfg = Release|Any CPU
		{6B799577-A7E0-4311-BB88-FA67EC5CD3FF}.Release|Any CPU.Build.0 = Release|Any CPU
		{176FEB31-B938-496C-B390-9AFD3F189516}.Debug|Any CPU.ActiveCfg = Debug|Any CPU
		{176FEB31-B938-496C-B390-9AFD3F189516}.Debug|Any CPU.Build.0 = Debug|Any CPU
		{176FEB31-B938-496C-B390-9AFD3F189516}.Release|Any CPU.ActiveCfg = Release|Any CPU
		{176FEB31-B938-496C-B390-9AFD3F189516}.Release|Any CPU.Build.0 = Release|Any CPU
		{D0A16BF9-6C31-43E3-B941-B6F84DA6E6B7}.Debug|Any CPU.ActiveCfg = Debug|Any CPU
		{D0A16BF9-6C31-43E3-B941-B6F84DA6E6B7}.Debug|Any CPU.Build.0 = Debug|Any CPU
		{D0A16BF9-6C31-43E3-B941-B6F84DA6E6B7}.Release|Any CPU.ActiveCfg = Release|Any CPU
		{D0A16BF9-6C31-43E3-B941-B6F84DA6E6B7}.Release|Any CPU.Build.0 = Release|Any CPU
		{42EC8B92-5A3F-47E6-9124-BDD072D46AD4}.Debug|Any CPU.ActiveCfg = Debug|Any CPU
		{42EC8B92-5A3F-47E6-9124-BDD072D46AD4}.Debug|Any CPU.Build.0 = Debug|Any CPU
		{42EC8B92-5A3F-47E6-9124-BDD072D46AD4}.Release|Any CPU.ActiveCfg = Release|Any CPU
		{42EC8B92-5A3F-47E6-9124-BDD072D46AD4}.Release|Any CPU.Build.0 = Release|Any CPU
		{F967E4B7-F8B4-461B-AF54-BAA69E4C4BCE}.Debug|Any CPU.ActiveCfg = Debug|Any CPU
		{F967E4B7-F8B4-461B-AF54-BAA69E4C4BCE}.Debug|Any CPU.Build.0 = Debug|Any CPU
		{F967E4B7-F8B4-461B-AF54-BAA69E4C4BCE}.Release|Any CPU.ActiveCfg = Release|Any CPU
		{F967E4B7-F8B4-461B-AF54-BAA69E4C4BCE}.Release|Any CPU.Build.0 = Release|Any CPU
		{E2B164C6-871B-41B9-AFB1-CD121D4187EE}.Debug|Any CPU.ActiveCfg = Debug|Any CPU
		{E2B164C6-871B-41B9-AFB1-CD121D4187EE}.Debug|Any CPU.Build.0 = Debug|Any CPU
		{E2B164C6-871B-41B9-AFB1-CD121D4187EE}.Release|Any CPU.ActiveCfg = Release|Any CPU
		{E2B164C6-871B-41B9-AFB1-CD121D4187EE}.Release|Any CPU.Build.0 = Release|Any CPU
		{9E4510C9-09FB-4A0C-99AF-D60CBAAABBCD}.Debug|Any CPU.ActiveCfg = Debug|Any CPU
		{9E4510C9-09FB-4A0C-99AF-D60CBAAABBCD}.Debug|Any CPU.Build.0 = Debug|Any CPU
		{9E4510C9-09FB-4A0C-99AF-D60CBAAABBCD}.Release|Any CPU.ActiveCfg = Release|Any CPU
		{9E4510C9-09FB-4A0C-99AF-D60CBAAABBCD}.Release|Any CPU.Build.0 = Release|Any CPU
		{DA3CDEDD-BEC5-4E87-B1E4-13578ABEB582}.Debug|Any CPU.ActiveCfg = Debug|Any CPU
		{DA3CDEDD-BEC5-4E87-B1E4-13578ABEB582}.Debug|Any CPU.Build.0 = Debug|Any CPU
		{DA3CDEDD-BEC5-4E87-B1E4-13578ABEB582}.Release|Any CPU.ActiveCfg = Release|Any CPU
		{DA3CDEDD-BEC5-4E87-B1E4-13578ABEB582}.Release|Any CPU.Build.0 = Release|Any CPU
		{13C14290-F111-4F71-AEA1-CC3CA65C1349}.Debug|Any CPU.ActiveCfg = Debug|Any CPU
		{13C14290-F111-4F71-AEA1-CC3CA65C1349}.Debug|Any CPU.Build.0 = Debug|Any CPU
		{13C14290-F111-4F71-AEA1-CC3CA65C1349}.Release|Any CPU.ActiveCfg = Release|Any CPU
		{13C14290-F111-4F71-AEA1-CC3CA65C1349}.Release|Any CPU.Build.0 = Release|Any CPU
		{AC60BBCA-F805-4ABF-AF1A-802E4B06C74A}.Debug|Any CPU.ActiveCfg = Debug|Any CPU
		{AC60BBCA-F805-4ABF-AF1A-802E4B06C74A}.Debug|Any CPU.Build.0 = Debug|Any CPU
		{AC60BBCA-F805-4ABF-AF1A-802E4B06C74A}.Release|Any CPU.ActiveCfg = Release|Any CPU
		{AC60BBCA-F805-4ABF-AF1A-802E4B06C74A}.Release|Any CPU.Build.0 = Release|Any CPU
	EndGlobalSection
	GlobalSection(SolutionProperties) = preSolution
		HideSolutionNode = FALSE
	EndGlobalSection
	GlobalSection(NestedProjects) = preSolution
		{5A0E6DD5-37BB-48B8-B341-7455DB956F5E} = {A0468211-7529-4024-B45A-1B74A4046162}
		{6B799577-A7E0-4311-BB88-FA67EC5CD3FF} = {99EF32DA-C039-4CBA-A0D8-B9D69DA27A36}
		{176FEB31-B938-496C-B390-9AFD3F189516} = {C62AAD63-8FC0-47BA-9EF1-EDA5542A9C7B}
		{D0A16BF9-6C31-43E3-B941-B6F84DA6E6B7} = {E7B020E0-6589-4468-850A-76775770F622}
		{42EC8B92-5A3F-47E6-9124-BDD072D46AD4} = {E7B020E0-6589-4468-850A-76775770F622}
		{F967E4B7-F8B4-461B-AF54-BAA69E4C4BCE} = {88BFE71A-37D6-42D9-8EBA-DE4554F23771}
		{E2B164C6-871B-41B9-AFB1-CD121D4187EE} = {E7B020E0-6589-4468-850A-76775770F622}
		{9E4510C9-09FB-4A0C-99AF-D60CBAAABBCD} = {785610A9-2F76-4088-90B2-081E89609AD0}
		{DA3CDEDD-BEC5-4E87-B1E4-13578ABEB582} = {25758557-6317-4812-B3E7-16C31DD515BF}
		{13C14290-F111-4F71-AEA1-CC3CA65C1349} = {25758557-6317-4812-B3E7-16C31DD515BF}
		{AC60BBCA-F805-4ABF-AF1A-802E4B06C74A} = {EB458219-9719-409D-A691-DA28B61E3D1F}
	EndGlobalSection
	GlobalSection(ExtensibilityGlobals) = postSolution
		SolutionGuid = {79109342-7910-4CF9-9F00-562C91EE3214}
	EndGlobalSection
EndGlobal
